
Microsoft Visual Studio Solution File, Format Version 12.00
# Visual Studio Version 17
VisualStudioVersion = 17.0.31903.59
MinimumVisualStudioVersion = 10.0.40219.1
Project("{2150E333-8FDC-42A3-9474-1A3956D46DE8}") = "src", "src", "{827E0CD3-B72D-47B6-A68D-7590B98EB39B}"
EndProject
Project("{2150E333-8FDC-42A3-9474-1A3956D46DE8}") = "Client", "Client", "{C5A3B5EA-BE9F-76E5-E9B8-8A22B289B295}"
EndProject
Project("{F2A71F9B-5D33-465A-A702-920D77279786}") = "src", "Client\src\src.fsproj", "{2233161E-585E-485C-AFA3-1EFB3373B7AF}"
EndProject
Project("{2150E333-8FDC-42A3-9474-1A3956D46DE8}") = "Server", "Server", "{E6B48023-E680-40DA-9E17-319585C26937}"
EndProject
Project("{F2A71F9B-5D33-465A-A702-920D77279786}") = "backend", "Backend\Server\backend.fsproj", "{74859F8F-5F81-4940-9552-054AE399DCAC}"
EndProject
Project("{F2A71F9B-5D33-465A-A702-920D77279786}") = "Shared", "Shared\Shared.fsproj", "{43227743-97E3-418A-8020-C6D42F43092C}"
EndProject
Project("{FAE04EC0-301F-11D3-BF4B-00C04F79EFBC}") = "Entity", "Backend\Entity\Entity.csproj", "{DDA65D36-B8D1-4D40-BDA7-2E6D17814DBB}"
EndProject
Global
	GlobalSection(SolutionConfigurationPlatforms) = preSolution
		Debug|Any CPU = Debug|Any CPU
		Debug|x64 = Debug|x64
		Debug|x86 = Debug|x86
		Release|Any CPU = Release|Any CPU
		Release|x64 = Release|x64
		Release|x86 = Release|x86
	EndGlobalSection
	GlobalSection(ProjectConfigurationPlatforms) = postSolution
		{2233161E-585E-485C-AFA3-1EFB3373B7AF}.Debug|Any CPU.ActiveCfg = Debug|Any CPU
		{2233161E-585E-485C-AFA3-1EFB3373B7AF}.Debug|Any CPU.Build.0 = Debug|Any CPU
		{2233161E-585E-485C-AFA3-1EFB3373B7AF}.Debug|x64.ActiveCfg = Debug|Any CPU
		{2233161E-585E-485C-AFA3-1EFB3373B7AF}.Debug|x64.Build.0 = Debug|Any CPU
		{2233161E-585E-485C-AFA3-1EFB3373B7AF}.Debug|x86.ActiveCfg = Debug|Any CPU
		{2233161E-585E-485C-AFA3-1EFB3373B7AF}.Debug|x86.Build.0 = Debug|Any CPU
		{2233161E-585E-485C-AFA3-1EFB3373B7AF}.Release|Any CPU.ActiveCfg = Release|Any CPU
		{2233161E-585E-485C-AFA3-1EFB3373B7AF}.Release|Any CPU.Build.0 = Release|Any CPU
		{2233161E-585E-485C-AFA3-1EFB3373B7AF}.Release|x64.ActiveCfg = Release|Any CPU
		{2233161E-585E-485C-AFA3-1EFB3373B7AF}.Release|x64.Build.0 = Release|Any CPU
		{2233161E-585E-485C-AFA3-1EFB3373B7AF}.Release|x86.ActiveCfg = Release|Any CPU
		{2233161E-585E-485C-AFA3-1EFB3373B7AF}.Release|x86.Build.0 = Release|Any CPU
		{74859F8F-5F81-4940-9552-054AE399DCAC}.Debug|Any CPU.ActiveCfg = Debug|Any CPU
		{74859F8F-5F81-4940-9552-054AE399DCAC}.Debug|Any CPU.Build.0 = Debug|Any CPU
		{74859F8F-5F81-4940-9552-054AE399DCAC}.Debug|x64.ActiveCfg = Debug|Any CPU
		{74859F8F-5F81-4940-9552-054AE399DCAC}.Debug|x64.Build.0 = Debug|Any CPU
		{74859F8F-5F81-4940-9552-054AE399DCAC}.Debug|x86.ActiveCfg = Debug|Any CPU
		{74859F8F-5F81-4940-9552-054AE399DCAC}.Debug|x86.Build.0 = Debug|Any CPU
		{74859F8F-5F81-4940-9552-054AE399DCAC}.Release|Any CPU.ActiveCfg = Release|Any CPU
		{74859F8F-5F81-4940-9552-054AE399DCAC}.Release|Any CPU.Build.0 = Release|Any CPU
		{74859F8F-5F81-4940-9552-054AE399DCAC}.Release|x64.ActiveCfg = Release|Any CPU
		{74859F8F-5F81-4940-9552-054AE399DCAC}.Release|x64.Build.0 = Release|Any CPU
		{74859F8F-5F81-4940-9552-054AE399DCAC}.Release|x86.ActiveCfg = Release|Any CPU
		{74859F8F-5F81-4940-9552-054AE399DCAC}.Release|x86.Build.0 = Release|Any CPU
		{43227743-97E3-418A-8020-C6D42F43092C}.Debug|Any CPU.ActiveCfg = Debug|Any CPU
		{43227743-97E3-418A-8020-C6D42F43092C}.Debug|Any CPU.Build.0 = Debug|Any CPU
		{43227743-97E3-418A-8020-C6D42F43092C}.Debug|x64.ActiveCfg = Debug|Any CPU
		{43227743-97E3-418A-8020-C6D42F43092C}.Debug|x64.Build.0 = Debug|Any CPU
		{43227743-97E3-418A-8020-C6D42F43092C}.Debug|x86.ActiveCfg = Debug|Any CPU
		{43227743-97E3-418A-8020-C6D42F43092C}.Debug|x86.Build.0 = Debug|Any CPU
		{43227743-97E3-418A-8020-C6D42F43092C}.Release|Any CPU.ActiveCfg = Release|Any CPU
		{43227743-97E3-418A-8020-C6D42F43092C}.Release|Any CPU.Build.0 = Release|Any CPU
		{43227743-97E3-418A-8020-C6D42F43092C}.Release|x64.ActiveCfg = Release|Any CPU
		{43227743-97E3-418A-8020-C6D42F43092C}.Release|x64.Build.0 = Release|Any CPU
		{43227743-97E3-418A-8020-C6D42F43092C}.Release|x86.ActiveCfg = Release|Any CPU
		{43227743-97E3-418A-8020-C6D42F43092C}.Release|x86.Build.0 = Release|Any CPU
		{DDA65D36-B8D1-4D40-BDA7-2E6D17814DBB}.Debug|Any CPU.ActiveCfg = Debug|Any CPU
		{DDA65D36-B8D1-4D40-BDA7-2E6D17814DBB}.Debug|Any CPU.Build.0 = Debug|Any CPU
		{DDA65D36-B8D1-4D40-BDA7-2E6D17814DBB}.Debug|x64.ActiveCfg = Debug|Any CPU
		{DDA65D36-B8D1-4D40-BDA7-2E6D17814DBB}.Debug|x64.Build.0 = Debug|Any CPU
		{DDA65D36-B8D1-4D40-BDA7-2E6D17814DBB}.Debug|x86.ActiveCfg = Debug|Any CPU
		{DDA65D36-B8D1-4D40-BDA7-2E6D17814DBB}.Debug|x86.Build.0 = Debug|Any CPU
		{DDA65D36-B8D1-4D40-BDA7-2E6D17814DBB}.Release|Any CPU.ActiveCfg = Release|Any CPU
		{DDA65D36-B8D1-4D40-BDA7-2E6D17814DBB}.Release|Any CPU.Build.0 = Release|Any CPU
		{DDA65D36-B8D1-4D40-BDA7-2E6D17814DBB}.Release|x64.ActiveCfg = Release|Any CPU
		{DDA65D36-B8D1-4D40-BDA7-2E6D17814DBB}.Release|x64.Build.0 = Release|Any CPU
		{DDA65D36-B8D1-4D40-BDA7-2E6D17814DBB}.Release|x86.ActiveCfg = Release|Any CPU
		{DDA65D36-B8D1-4D40-BDA7-2E6D17814DBB}.Release|x86.Build.0 = Release|Any CPU
	EndGlobalSection
	GlobalSection(SolutionProperties) = preSolution
		HideSolutionNode = FALSE
	EndGlobalSection
	GlobalSection(NestedProjects) = preSolution
		{C5A3B5EA-BE9F-76E5-E9B8-8A22B289B295} = {827E0CD3-B72D-47B6-A68D-7590B98EB39B}
		{2233161E-585E-485C-AFA3-1EFB3373B7AF} = {C5A3B5EA-BE9F-76E5-E9B8-8A22B289B295}
		{E6B48023-E680-40DA-9E17-319585C26937} = {827E0CD3-B72D-47B6-A68D-7590B98EB39B}
		{74859F8F-5F81-4940-9552-054AE399DCAC} = {E6B48023-E680-40DA-9E17-319585C26937}
		{43227743-97E3-418A-8020-C6D42F43092C} = {827E0CD3-B72D-47B6-A68D-7590B98EB39B}
		{DDA65D36-B8D1-4D40-BDA7-2E6D17814DBB} = {827E0CD3-B72D-47B6-A68D-7590B98EB39B}
	EndGlobalSection
EndGlobal
